
Microsoft Visual Studio Solution File, Format Version 12.00
# Visual Studio 15
VisualStudioVersion = 15.0.28010.2026
MinimumVisualStudioVersion = 10.0.40219.1
Project("{FAE04EC0-301F-11D3-BF4B-00C04F79EFBC}") = "Events", "Events\Events.csproj", "{BCC3FC64-3D95-4D0F-A60E-CB733C0C5757}"
EndProject
Global
	GlobalSection(SolutionConfigurationPlatforms) = preSolution
		Debug|Any CPU = Debug|Any CPU
		Release|Any CPU = Release|Any CPU
	EndGlobalSection
	GlobalSection(ProjectConfigurationPlatforms) = postSolution
		{BCC3FC64-3D95-4D0F-A60E-CB733C0C5757}.Debug|Any CPU.ActiveCfg = Debug|Any CPU
		{BCC3FC64-3D95-4D0F-A60E-CB733C0C5757}.Debug|Any CPU.Build.0 = Debug|Any CPU
		{BCC3FC64-3D95-4D0F-A60E-CB733C0C5757}.Release|Any CPU.ActiveCfg = Release|Any CPU
		{BCC3FC64-3D95-4D0F-A60E-CB733C0C5757}.Release|Any CPU.Build.0 = Release|Any CPU
	EndGlobalSection
	GlobalSection(SolutionProperties) = preSolution
		HideSolutionNode = FALSE
	EndGlobalSection
	GlobalSection(ExtensibilityGlobals) = postSolution
		SolutionGuid = {85331A27-9821-4ABF-848F-2AEBEF5079B7}
	EndGlobalSection
EndGlobal
